
Microsoft Visual Studio Solution File, Format Version 12.00
# Visual Studio Version 17
VisualStudioVersion = 17.5.33530.505
MinimumVisualStudioVersion = 10.0.40219.1
Project("{FAE04EC0-301F-11D3-BF4B-00C04F79EFBC}") = "Test_webAPI_USERS", "Test_webAPI_USERS\Test_webAPI_USERS.csproj", "{8B5B04E7-4428-4C26-B5A9-E3D2B9DA6871}"
EndProject
Global
	GlobalSection(SolutionConfigurationPlatforms) = preSolution
		Debug|Any CPU = Debug|Any CPU
		Release|Any CPU = Release|Any CPU
	EndGlobalSection
	GlobalSection(ProjectConfigurationPlatforms) = postSolution
		{8B5B04E7-4428-4C26-B5A9-E3D2B9DA6871}.Debug|Any CPU.ActiveCfg = Debug|Any CPU
		{8B5B04E7-4428-4C26-B5A9-E3D2B9DA6871}.Debug|Any CPU.Build.0 = Debug|Any CPU
		{8B5B04E7-4428-4C26-B5A9-E3D2B9DA6871}.Release|Any CPU.ActiveCfg = Release|Any CPU
		{8B5B04E7-4428-4C26-B5A9-E3D2B9DA6871}.Release|Any CPU.Build.0 = Release|Any CPU
	EndGlobalSection
	GlobalSection(SolutionProperties) = preSolution
		HideSolutionNode = FALSE
	EndGlobalSection
	GlobalSection(ExtensibilityGlobals) = postSolution
		SolutionGuid = {0A1F08E9-A23D-4DD6-A9E0-6C0F06AC4D7E}
	EndGlobalSection
EndGlobal
